{
  "version": 4,
  "terraform_version": "0.12.30",
  "serial": 18,
  "lineage": "a5a507b3-c4a8-0ede-4840-ba5235abd4db",
  "outputs": {
    "external_ip_address_app": {
      "value": [
        "178.154.206.225"
      ],
      "type": [
        "tuple",
        [
          "string"
        ]
      ]
    }
  },
  "resources": [
    {
      "mode": "managed",
      "type": "yandex_compute_instance",
      "name": "app",
      "each": "list",
      "provider": "provider.yandex",
      "instances": [
        {
          "index_key": 0,
          "status": "tainted",
          "schema_version": 1,
          "attributes": {
            "allow_stopping_for_update": null,
            "boot_disk": [
              {
                "auto_delete": true,
                "device_name": "fhmo36h70o2sv1lr3b17",
                "disk_id": "fhmo36h70o2sv1lr3b17",
                "initialize_params": [
                  {
                    "description": "",
                    "image_id": "fd80viupr3qjr5g6g9du",
                    "name": "",
                    "size": 3,
                    "snapshot_id": "",
                    "type": "network-hdd"
                  }
                ],
                "mode": "READ_WRITE"
              }
            ],
            "created_at": "2021-07-09T10:14:32Z",
            "description": "",
            "folder_id": "b1gcp6bd48bcmosa9bs0",
            "fqdn": "fhmf4p4cnvsslmhb3bqd.auto.internal",
            "hostname": "fhmf4p4cnvsslmhb3bqd",
            "id": "fhmf4p4cnvsslmhb3bqd",
            "labels": null,
            "metadata": {
              "ssh-keys": "ubuntu:ssh-rsa AAAAB3NzaC1yc2EAAAADAQABAAABAQC4Hl2FAlteG1LBm75/THQJNpT9V25kQriy7Yb9QhPEcTSLpVS9HHw9c1P7n07anmdNsgDKCCymxa9V2ZDacBqNXwC6r18BeldNeyOtFPuF/I43h93ZJNN/wwPIm2qWfLt1EnhkK76NT/2aj+LnQkIQCpZEdKmwfH6IQmsi2RxUyKdzU99UEhvKVPqmzcJpmQoL3ouw4QPqlFerzyBtkDMMQ7ylXAGpeqgc7MDVqIraw+sBGMtLfolF4fQ3459vXHAtn/VZiDpKm+oqbh723JoHAyC6mwGxxjHiOZyqUiUYqjsseh2dsGxqjNY+yFqbC23TJKMUkTLXeW9BRuYZ7j8h ivan@kube_machine\n"
            },
            "name": "crawler0",
            "network_acceleration_type": "standard",
            "network_interface": [
              {
                "index": 0,
                "ip_address": "10.130.0.8",
                "ipv4": true,
                "ipv6": false,
                "ipv6_address": "",
                "mac_address": "d0:0d:f2:64:8c:bf",
                "nat": true,
                "nat_ip_address": "178.154.206.225",
                "nat_ip_version": "IPV4",
                "security_group_ids": [],
                "subnet_id": "e9b32s131m3rgkj4jnd8"
              }
            ],
            "placement_policy": [
              {
                "placement_group_id": ""
              }
            ],
            "platform_id": "standard-v1",
            "resources": [
              {
                "core_fraction": 5,
                "cores": 2,
                "gpus": 0,
                "memory": 2
              }
            ],
            "scheduling_policy": [
              {
                "preemptible": false
              }
            ],
            "secondary_disk": [],
            "service_account_id": "",
            "status": "running",
            "timeouts": null,
            "zone": "ru-central1-a"
          },
          "private": "eyJlMmJmYjczMC1lY2FhLTExZTYtOGY4OC0zNDM2M2JjN2M0YzAiOnsiY3JlYXRlIjozMDAwMDAwMDAwMDAsImRlbGV0ZSI6MzAwMDAwMDAwMDAwLCJ1cGRhdGUiOjMwMDAwMDAwMDAwMH0sInNjaGVtYV92ZXJzaW9uIjoiMSJ9"
        }
      ]
    }
  ]
}
